
Microsoft Visual Studio Solution File, Format Version 12.00
# Visual Studio Version 17
VisualStudioVersion = 17.13.35806.99
MinimumVisualStudioVersion = 10.0.40219.1
Project("{FAE04EC0-301F-11D3-BF4B-00C04F79EFBC}") = "CandidatosApi", "CandidatosApi\CandidatosApi.csproj", "{709EE4DC-EA7A-4BAB-8496-740C3EE80C51}"
EndProject
Project("{FAE04EC0-301F-11D3-BF4B-00C04F79EFBC}") = "CandidatosBusiness", "CandidatosBusiness\CandidatosBusiness.csproj", "{6C238C39-6842-41D1-B9CD-D884D5C87855}"
EndProject
Project("{FAE04EC0-301F-11D3-BF4B-00C04F79EFBC}") = "CandidatosModel", "CandidatosModel\CandidatosModel.csproj", "{7091AD09-2EE1-4D1D-A352-DA6F37FA50AA}"
EndProject
Project("{FAE04EC0-301F-11D3-BF4B-00C04F79EFBC}") = "CandidatosData", "CandidatosData\CandidatosData.csproj", "{4A17947C-C357-4246-99B4-CAB8C06AC2E3}"
EndProject
Project("{FAE04EC0-301F-11D3-BF4B-00C04F79EFBC}") = "CandidatosUI", "CandidatosUI\CandidatosUI.csproj", "{0B65469E-83C7-4B24-857B-39916117869A}"
EndProject
Global
	GlobalSection(SolutionConfigurationPlatforms) = preSolution
		Debug|Any CPU = Debug|Any CPU
		Release|Any CPU = Release|Any CPU
	EndGlobalSection
	GlobalSection(ProjectConfigurationPlatforms) = postSolution
		{709EE4DC-EA7A-4BAB-8496-740C3EE80C51}.Debug|Any CPU.ActiveCfg = Debug|Any CPU
		{709EE4DC-EA7A-4BAB-8496-740C3EE80C51}.Debug|Any CPU.Build.0 = Debug|Any CPU
		{709EE4DC-EA7A-4BAB-8496-740C3EE80C51}.Release|Any CPU.ActiveCfg = Release|Any CPU
		{709EE4DC-EA7A-4BAB-8496-740C3EE80C51}.Release|Any CPU.Build.0 = Release|Any CPU
		{6C238C39-6842-41D1-B9CD-D884D5C87855}.Debug|Any CPU.ActiveCfg = Debug|Any CPU
		{6C238C39-6842-41D1-B9CD-D884D5C87855}.Debug|Any CPU.Build.0 = Debug|Any CPU
		{6C238C39-6842-41D1-B9CD-D884D5C87855}.Release|Any CPU.ActiveCfg = Release|Any CPU
		{6C238C39-6842-41D1-B9CD-D884D5C87855}.Release|Any CPU.Build.0 = Release|Any CPU
		{7091AD09-2EE1-4D1D-A352-DA6F37FA50AA}.Debug|Any CPU.ActiveCfg = Debug|Any CPU
		{7091AD09-2EE1-4D1D-A352-DA6F37FA50AA}.Debug|Any CPU.Build.0 = Debug|Any CPU
		{7091AD09-2EE1-4D1D-A352-DA6F37FA50AA}.Release|Any CPU.ActiveCfg = Release|Any CPU
		{7091AD09-2EE1-4D1D-A352-DA6F37FA50AA}.Release|Any CPU.Build.0 = Release|Any CPU
		{4A17947C-C357-4246-99B4-CAB8C06AC2E3}.Debug|Any CPU.ActiveCfg = Debug|Any CPU
		{4A17947C-C357-4246-99B4-CAB8C06AC2E3}.Debug|Any CPU.Build.0 = Debug|Any CPU
		{4A17947C-C357-4246-99B4-CAB8C06AC2E3}.Release|Any CPU.ActiveCfg = Release|Any CPU
		{4A17947C-C357-4246-99B4-CAB8C06AC2E3}.Release|Any CPU.Build.0 = Release|Any CPU
		{0B65469E-83C7-4B24-857B-39916117869A}.Debug|Any CPU.ActiveCfg = Debug|Any CPU
		{0B65469E-83C7-4B24-857B-39916117869A}.Debug|Any CPU.Build.0 = Debug|Any CPU
		{0B65469E-83C7-4B24-857B-39916117869A}.Release|Any CPU.ActiveCfg = Release|Any CPU
		{0B65469E-83C7-4B24-857B-39916117869A}.Release|Any CPU.Build.0 = Release|Any CPU
	EndGlobalSection
	GlobalSection(SolutionProperties) = preSolution
		HideSolutionNode = FALSE
	EndGlobalSection
	GlobalSection(ExtensibilityGlobals) = postSolution
		SolutionGuid = {04CA6744-EF89-49F5-83FD-E5D36C0C085C}
	EndGlobalSection
EndGlobal
